// !$*UTF8*$!
{
	archiveVersion = 1;
	classes = {
	};
	objectVersion = 56;
	objects = {

/* Begin PBXBuildFile section */
		5803DAF329F164680033EEC2 /* MACOAMAApp.swift in Sources */ = {isa = PBXBuildFile; fileRef = 5803DAF229F164680033EEC2 /* MACOAMAApp.swift */; };
		5803DAF529F164680033EEC2 /* ContentView.swift in Sources */ = {isa = PBXBuildFile; fileRef = 5803DAF429F164680033EEC2 /* ContentView.swift */; };
		5803DAF729F1646A0033EEC2 /* Assets.xcassets in Resources */ = {isa = PBXBuildFile; fileRef = 5803DAF629F1646A0033EEC2 /* Assets.xcassets */; };
		5803DAFA29F1646A0033EEC2 /* Preview Assets.xcassets in Resources */ = {isa = PBXBuildFile; fileRef = 5803DAF929F1646A0033EEC2 /* Preview Assets.xcassets */; };
		5808BA0E2A0E7DE900895CDF /* MathSubjectEditExportView.swift in Sources */ = {isa = PBXBuildFile; fileRef = 5808BA0D2A0E7DE900895CDF /* MathSubjectEditExportView.swift */; };
		5809AB792A029CF10083882F /* MathSubjectEditView.swift in Sources */ = {isa = PBXBuildFile; fileRef = 5809AB782A029CF10083882F /* MathSubjectEditView.swift */; };
		5809AB7B2A02A6590083882F /* Extensions.swift in Sources */ = {isa = PBXBuildFile; fileRef = 5809AB7A2A02A6590083882F /* Extensions.swift */; };
		5809AB832A037F230083882F /* MathSubjectRootView.swift in Sources */ = {isa = PBXBuildFile; fileRef = 5809AB822A037F230083882F /* MathSubjectRootView.swift */; };
		5809AB872A0382740083882F /* MathSubjectCommandView.swift in Sources */ = {isa = PBXBuildFile; fileRef = 5809AB7C2A033D9F0083882F /* MathSubjectCommandView.swift */; };
		5809AB882A0382740083882F /* MathSubjectCreatePageView.swift in Sources */ = {isa = PBXBuildFile; fileRef = 5809AB7E2A0371D30083882F /* MathSubjectCreatePageView.swift */; };
		5809AB8B2A0383080083882F /* MathSubjectController.swift in Sources */ = {isa = PBXBuildFile; fileRef = 5809AB8A2A0383080083882F /* MathSubjectController.swift */; };
		5809AB8D2A073E7D0083882F /* MathSubjectElementController.swift in Sources */ = {isa = PBXBuildFile; fileRef = 5809AB8C2A073E7D0083882F /* MathSubjectElementController.swift */; };
		580AB7982A0BE59F00C5A63E /* BluetoothConnectionVM.swift in Sources */ = {isa = PBXBuildFile; fileRef = 580AB7972A0BE59F00C5A63E /* BluetoothConnectionVM.swift */; };
		580AB79A2A0BE5C200C5A63E /* BluetoothController.swift in Sources */ = {isa = PBXBuildFile; fileRef = 580AB7992A0BE5C200C5A63E /* BluetoothController.swift */; };
		5810388029FC0AE7007A799D /* MathSubjectElementView.swift in Sources */ = {isa = PBXBuildFile; fileRef = 5810387F29FC0AE7007A799D /* MathSubjectElementView.swift */; };
		581258122A07ECAF0070333C /* MathSubjectEditDeleteView.swift in Sources */ = {isa = PBXBuildFile; fileRef = 581258112A07ECAF0070333C /* MathSubjectEditDeleteView.swift */; };
		581258142A07EDA30070333C /* MathSubjectEditCreateView.swift in Sources */ = {isa = PBXBuildFile; fileRef = 581258132A07EDA30070333C /* MathSubjectEditCreateView.swift */; };
		581FAB8F29F6B98000A303A6 /* AsciiMath-Regular.ttf in Resources */ = {isa = PBXBuildFile; fileRef = 581FAB8E29F6B8DF00A303A6 /* AsciiMath-Regular.ttf */; };
		581FAB9229F6D63900A303A6 /* DATA.json in Resources */ = {isa = PBXBuildFile; fileRef = 581FAB9129F6D20200A303A6 /* DATA.json */; };
		582ECCD62A0C7E4600E0596B /* BluetoothMathRouteVM.swift in Sources */ = {isa = PBXBuildFile; fileRef = 582ECCD52A0C7E4600E0596B /* BluetoothMathRouteVM.swift */; };
		582ECCDA2A0C8DA800E0596B /* SynthController.swift in Sources */ = {isa = PBXBuildFile; fileRef = 582ECCD92A0C8DA800E0596B /* SynthController.swift */; };
		582ECCDC2A0C8DBB00E0596B /* Synth.swift in Sources */ = {isa = PBXBuildFile; fileRef = 582ECCDB2A0C8DBB00E0596B /* Synth.swift */; };
		582ECCDE2A0C8DCC00E0596B /* Oscillator.swift in Sources */ = {isa = PBXBuildFile; fileRef = 582ECCDD2A0C8DCC00E0596B /* Oscillator.swift */; };
		585B18EF2A0CF69800BD404A /* SynthVM.swift in Sources */ = {isa = PBXBuildFile; fileRef = 585B18EE2A0CF69800BD404A /* SynthVM.swift */; };
		585B18F12A0CF72300BD404A /* SynthModel.swift in Sources */ = {isa = PBXBuildFile; fileRef = 585B18F02A0CF72300BD404A /* SynthModel.swift */; };
		585F206329FAC0220002A48E /* BitmapImage.swift in Sources */ = {isa = PBXBuildFile; fileRef = 585F206229FAC0220002A48E /* BitmapImage.swift */; };
		585F206529FACA8D0002A48E /* Raster.swift in Sources */ = {isa = PBXBuildFile; fileRef = 585F206429FACA8D0002A48E /* Raster.swift */; };
		5877EB0D29F8321000EC71EE /* MACOAMA_NativeApp.swift in Sources */ = {isa = PBXBuildFile; fileRef = 5877EB0C29F8321000EC71EE /* MACOAMA_NativeApp.swift */; };
		5877EB0F29F8321000EC71EE /* ContentView.swift in Sources */ = {isa = PBXBuildFile; fileRef = 5877EB0E29F8321000EC71EE /* ContentView.swift */; };
		5877EB1129F8321000EC71EE /* Assets.xcassets in Resources */ = {isa = PBXBuildFile; fileRef = 5877EB1029F8321000EC71EE /* Assets.xcassets */; };
		5877EB1429F8321000EC71EE /* Preview Assets.xcassets in Resources */ = {isa = PBXBuildFile; fileRef = 5877EB1329F8321000EC71EE /* Preview Assets.xcassets */; };
		5877EB1629F8321000EC71EE /* Persistence.swift in Sources */ = {isa = PBXBuildFile; fileRef = 5877EB1529F8321000EC71EE /* Persistence.swift */; };
		5877EB1929F8321000EC71EE /* MACOAMA_Native.xcdatamodeld in Sources */ = {isa = PBXBuildFile; fileRef = 5877EB1729F8321000EC71EE /* MACOAMA_Native.xcdatamodeld */; };
		58A9C3B929F2CB0000238A35 /* ApplicationData.swift in Sources */ = {isa = PBXBuildFile; fileRef = 58A9C3B829F2CB0000238A35 /* ApplicationData.swift */; };
		58A9C3BB29F2CB5600238A35 /* AddFileView.swift in Sources */ = {isa = PBXBuildFile; fileRef = 58A9C3BA29F2CB5600238A35 /* AddFileView.swift */; };
		58A9C3BD29F2CB6D00238A35 /* EditFileView.swift in Sources */ = {isa = PBXBuildFile; fileRef = 58A9C3BC29F2CB6D00238A35 /* EditFileView.swift */; };
		58A9C3BF29F2CBA700238A35 /* TextDocument.swift in Sources */ = {isa = PBXBuildFile; fileRef = 58A9C3BE29F2CBA700238A35 /* TextDocument.swift */; };
		58A9C3C529F3DA6800238A35 /* MathSubjectModel.swift in Sources */ = {isa = PBXBuildFile; fileRef = 58A9C3C429F3DA6800238A35 /* MathSubjectModel.swift */; };
		58A9C3CD29F4192A00238A35 /* MathSubjectView.swift in Sources */ = {isa = PBXBuildFile; fileRef = 58A9C3CC29F4192A00238A35 /* MathSubjectView.swift */; };
		58A9C3D129F5857900238A35 /* GenEiKoburiMin6-R.ttf in Resources */ = {isa = PBXBuildFile; fileRef = 58A9C3D029F5857900238A35 /* GenEiKoburiMin6-R.ttf */; };
		58AFF8802A0E8F4D002CC99D /* MainIntroVM.swift in Sources */ = {isa = PBXBuildFile; fileRef = 58AFF87F2A0E8F4D002CC99D /* MainIntroVM.swift */; };
		58AFF8852A0F719F002CC99D /* MathSubjectLinkArrowView.swift in Sources */ = {isa = PBXBuildFile; fileRef = 58AFF8842A0F719F002CC99D /* MathSubjectLinkArrowView.swift */; };
		58AFF8872A0F91D5002CC99D /* MathSubjectWindowController.swift in Sources */ = {isa = PBXBuildFile; fileRef = 58AFF8862A0F91D5002CC99D /* MathSubjectWindowController.swift */; };
		58AFF8C22A0FD349002CC99D /* 01.mp3 in Resources */ = {isa = PBXBuildFile; fileRef = 58AFF8C12A0FD349002CC99D /* 01.mp3 */; };
		58AFF8C52A0FD38C002CC99D /* MusicPlayView.swift in Sources */ = {isa = PBXBuildFile; fileRef = 58AFF8C42A0FD38C002CC99D /* MusicPlayView.swift */; };
		58AFF8C92A0FDA4C002CC99D /* MusicVolumeSlider.swift in Sources */ = {isa = PBXBuildFile; fileRef = 58AFF8C82A0FDA4C002CC99D /* MusicVolumeSlider.swift */; };
		58AFF8CB2A0FDA99002CC99D /* MusicCustomSlider.swift in Sources */ = {isa = PBXBuildFile; fileRef = 58AFF8CA2A0FDA99002CC99D /* MusicCustomSlider.swift */; };
		58AFF8CD2A0FDAF1002CC99D /* MusicVerticalVolSlider.swift in Sources */ = {isa = PBXBuildFile; fileRef = 58AFF8CC2A0FDAF1002CC99D /* MusicVerticalVolSlider.swift */; };
		58AFF8CF2A0FDB20002CC99D /* MusicProgressSlider.swift in Sources */ = {isa = PBXBuildFile; fileRef = 58AFF8CE2A0FDB20002CC99D /* MusicProgressSlider.swift */; };
		58D00C1E2A0A8E79001869CD /* TextProcessor.swift in Sources */ = {isa = PBXBuildFile; fileRef = 58D00C1D2A0A8E79001869CD /* TextProcessor.swift */; };
		58D0BFB12A0DEC810021F52D /* MathSubjectLinkView.swift in Sources */ = {isa = PBXBuildFile; fileRef = 58D0BFB02A0DEC810021F52D /* MathSubjectLinkView.swift */; };
		58D0BFB32A0DEEAA0021F52D /* MathSubjectLinkController.swift in Sources */ = {isa = PBXBuildFile; fileRef = 58D0BFB22A0DEEAA0021F52D /* MathSubjectLinkController.swift */; };
		58D4B60729F8372A00274444 /* TextDataView.swift in Sources */ = {isa = PBXBuildFile; fileRef = 58D4B60629F8372A00274444 /* TextDataView.swift */; };
		58D4B60C29F8404B00274444 /* MathSubjectModel.swift in Sources */ = {isa = PBXBuildFile; fileRef = 58D4B60B29F8404B00274444 /* MathSubjectModel.swift */; };
		58D4B60E29F8404D00274444 /* MathSubjectView.swift in Sources */ = {isa = PBXBuildFile; fileRef = 58D4B60D29F8404D00274444 /* MathSubjectView.swift */; };
/* End PBXBuildFile section */

/* Begin PBXFileReference section */
		5803DAEF29F164680033EEC2 /* COARAMAUSE_mobile.app */ = {isa = PBXFileReference; explicitFileType = wrapper.application; includeInIndex = 0; path = COARAMAUSE_mobile.app; sourceTree = BUILT_PRODUCTS_DIR; };
		5803DAF229F164680033EEC2 /* MACOAMAApp.swift */ = {isa = PBXFileReference; lastKnownFileType = sourcecode.swift; path = MACOAMAApp.swift; sourceTree = "<group>"; };
		5803DAF429F164680033EEC2 /* ContentView.swift */ = {isa = PBXFileReference; lastKnownFileType = sourcecode.swift; path = ContentView.swift; sourceTree = "<group>"; };
		5803DAF629F1646A0033EEC2 /* Assets.xcassets */ = {isa = PBXFileReference; lastKnownFileType = folder.assetcatalog; path = Assets.xcassets; sourceTree = "<group>"; };
		5803DAF929F1646A0033EEC2 /* Preview Assets.xcassets */ = {isa = PBXFileReference; lastKnownFileType = folder.assetcatalog; path = "Preview Assets.xcassets"; sourceTree = "<group>"; };
		5808BA0D2A0E7DE900895CDF /* MathSubjectEditExportView.swift */ = {isa = PBXFileReference; lastKnownFileType = sourcecode.swift; path = MathSubjectEditExportView.swift; sourceTree = "<group>"; };
		5809AB782A029CF10083882F /* MathSubjectEditView.swift */ = {isa = PBXFileReference; lastKnownFileType = sourcecode.swift; path = MathSubjectEditView.swift; sourceTree = "<group>"; };
		5809AB7A2A02A6590083882F /* Extensions.swift */ = {isa = PBXFileReference; lastKnownFileType = sourcecode.swift; path = Extensions.swift; sourceTree = "<group>"; };
		5809AB7C2A033D9F0083882F /* MathSubjectCommandView.swift */ = {isa = PBXFileReference; lastKnownFileType = sourcecode.swift; path = MathSubjectCommandView.swift; sourceTree = "<group>"; };
		5809AB7E2A0371D30083882F /* MathSubjectCreatePageView.swift */ = {isa = PBXFileReference; lastKnownFileType = sourcecode.swift; path = MathSubjectCreatePageView.swift; sourceTree = "<group>"; };
		5809AB822A037F230083882F /* MathSubjectRootView.swift */ = {isa = PBXFileReference; lastKnownFileType = sourcecode.swift; path = MathSubjectRootView.swift; sourceTree = "<group>"; };
		5809AB8A2A0383080083882F /* MathSubjectController.swift */ = {isa = PBXFileReference; lastKnownFileType = sourcecode.swift; path = MathSubjectController.swift; sourceTree = "<group>"; };
		5809AB8C2A073E7D0083882F /* MathSubjectElementController.swift */ = {isa = PBXFileReference; lastKnownFileType = sourcecode.swift; path = MathSubjectElementController.swift; sourceTree = "<group>"; };
		580AB7972A0BE59F00C5A63E /* BluetoothConnectionVM.swift */ = {isa = PBXFileReference; lastKnownFileType = sourcecode.swift; path = BluetoothConnectionVM.swift; sourceTree = "<group>"; };
		580AB7992A0BE5C200C5A63E /* BluetoothController.swift */ = {isa = PBXFileReference; lastKnownFileType = sourcecode.swift; path = BluetoothController.swift; sourceTree = "<group>"; };
		580AB79D2A0BEF6500C5A63E /* MACOAMA_NativeRelease.entitlements */ = {isa = PBXFileReference; lastKnownFileType = text.plist.entitlements; path = MACOAMA_NativeRelease.entitlements; sourceTree = "<group>"; };
		5810387F29FC0AE7007A799D /* MathSubjectElementView.swift */ = {isa = PBXFileReference; lastKnownFileType = sourcecode.swift; path = MathSubjectElementView.swift; sourceTree = "<group>"; };
		581258112A07ECAF0070333C /* MathSubjectEditDeleteView.swift */ = {isa = PBXFileReference; lastKnownFileType = sourcecode.swift; path = MathSubjectEditDeleteView.swift; sourceTree = "<group>"; };
		581258132A07EDA30070333C /* MathSubjectEditCreateView.swift */ = {isa = PBXFileReference; lastKnownFileType = sourcecode.swift; path = MathSubjectEditCreateView.swift; sourceTree = "<group>"; };
		581FAB8E29F6B8DF00A303A6 /* AsciiMath-Regular.ttf */ = {isa = PBXFileReference; lastKnownFileType = file; path = "AsciiMath-Regular.ttf"; sourceTree = "<group>"; };
		581FAB9129F6D20200A303A6 /* DATA.json */ = {isa = PBXFileReference; lastKnownFileType = text.json; path = DATA.json; sourceTree = "<group>"; };
		582ECCD52A0C7E4600E0596B /* BluetoothMathRouteVM.swift */ = {isa = PBXFileReference; lastKnownFileType = sourcecode.swift; path = BluetoothMathRouteVM.swift; sourceTree = "<group>"; };
		582ECCD92A0C8DA800E0596B /* SynthController.swift */ = {isa = PBXFileReference; lastKnownFileType = sourcecode.swift; path = SynthController.swift; sourceTree = "<group>"; };
		582ECCDB2A0C8DBB00E0596B /* Synth.swift */ = {isa = PBXFileReference; lastKnownFileType = sourcecode.swift; path = Synth.swift; sourceTree = "<group>"; };
		582ECCDD2A0C8DCC00E0596B /* Oscillator.swift */ = {isa = PBXFileReference; lastKnownFileType = sourcecode.swift; path = Oscillator.swift; sourceTree = "<group>"; };
		585B18EE2A0CF69800BD404A /* SynthVM.swift */ = {isa = PBXFileReference; lastKnownFileType = sourcecode.swift; path = SynthVM.swift; sourceTree = "<group>"; };
		585B18F02A0CF72300BD404A /* SynthModel.swift */ = {isa = PBXFileReference; lastKnownFileType = sourcecode.swift; path = SynthModel.swift; sourceTree = "<group>"; };
		585F206229FAC0220002A48E /* BitmapImage.swift */ = {isa = PBXFileReference; lastKnownFileType = sourcecode.swift; path = BitmapImage.swift; sourceTree = "<group>"; };
		585F206429FACA8D0002A48E /* Raster.swift */ = {isa = PBXFileReference; lastKnownFileType = sourcecode.swift; path = Raster.swift; sourceTree = "<group>"; };
		5877EB0A29F8320F00EC71EE /* COARAMAUSE.app */ = {isa = PBXFileReference; explicitFileType = wrapper.application; includeInIndex = 0; path = COARAMAUSE.app; sourceTree = BUILT_PRODUCTS_DIR; };
		5877EB0C29F8321000EC71EE /* MACOAMA_NativeApp.swift */ = {isa = PBXFileReference; lastKnownFileType = sourcecode.swift; path = MACOAMA_NativeApp.swift; sourceTree = "<group>"; };
		5877EB0E29F8321000EC71EE /* ContentView.swift */ = {isa = PBXFileReference; lastKnownFileType = sourcecode.swift; path = ContentView.swift; sourceTree = "<group>"; };
		5877EB1029F8321000EC71EE /* Assets.xcassets */ = {isa = PBXFileReference; lastKnownFileType = folder.assetcatalog; path = Assets.xcassets; sourceTree = "<group>"; };
		5877EB1329F8321000EC71EE /* Preview Assets.xcassets */ = {isa = PBXFileReference; lastKnownFileType = folder.assetcatalog; path = "Preview Assets.xcassets"; sourceTree = "<group>"; };
		5877EB1529F8321000EC71EE /* Persistence.swift */ = {isa = PBXFileReference; lastKnownFileType = sourcecode.swift; path = Persistence.swift; sourceTree = "<group>"; };
		5877EB1829F8321000EC71EE /* MACOAMA_Native.xcdatamodel */ = {isa = PBXFileReference; lastKnownFileType = wrapper.xcdatamodel; path = MACOAMA_Native.xcdatamodel; sourceTree = "<group>"; };
		5877EB1A29F8321000EC71EE /* MACOAMA_Native.entitlements */ = {isa = PBXFileReference; lastKnownFileType = text.plist.entitlements; path = MACOAMA_Native.entitlements; sourceTree = "<group>"; };
		58A9C3B829F2CB0000238A35 /* ApplicationData.swift */ = {isa = PBXFileReference; lastKnownFileType = sourcecode.swift; path = ApplicationData.swift; sourceTree = "<group>"; };
		58A9C3BA29F2CB5600238A35 /* AddFileView.swift */ = {isa = PBXFileReference; lastKnownFileType = sourcecode.swift; path = AddFileView.swift; sourceTree = "<group>"; };
		58A9C3BC29F2CB6D00238A35 /* EditFileView.swift */ = {isa = PBXFileReference; lastKnownFileType = sourcecode.swift; path = EditFileView.swift; sourceTree = "<group>"; };
		58A9C3BE29F2CBA700238A35 /* TextDocument.swift */ = {isa = PBXFileReference; lastKnownFileType = sourcecode.swift; path = TextDocument.swift; sourceTree = "<group>"; };
		58A9C3C429F3DA6800238A35 /* MathSubjectModel.swift */ = {isa = PBXFileReference; lastKnownFileType = sourcecode.swift; path = MathSubjectModel.swift; sourceTree = "<group>"; };
		58A9C3CC29F4192A00238A35 /* MathSubjectView.swift */ = {isa = PBXFileReference; lastKnownFileType = sourcecode.swift; path = MathSubjectView.swift; sourceTree = "<group>"; };
		58A9C3D029F5857900238A35 /* GenEiKoburiMin6-R.ttf */ = {isa = PBXFileReference; lastKnownFileType = file; path = "GenEiKoburiMin6-R.ttf"; sourceTree = "<group>"; };
		58AFF87F2A0E8F4D002CC99D /* MainIntroVM.swift */ = {isa = PBXFileReference; fileEncoding = 4; lastKnownFileType = sourcecode.swift; path = MainIntroVM.swift; sourceTree = "<group>"; };
		58AFF8842A0F719F002CC99D /* MathSubjectLinkArrowView.swift */ = {isa = PBXFileReference; lastKnownFileType = sourcecode.swift; path = MathSubjectLinkArrowView.swift; sourceTree = "<group>"; };
		58AFF8862A0F91D5002CC99D /* MathSubjectWindowController.swift */ = {isa = PBXFileReference; lastKnownFileType = sourcecode.swift; path = MathSubjectWindowController.swift; sourceTree = "<group>"; };
		58AFF8C12A0FD349002CC99D /* 01.mp3 */ = {isa = PBXFileReference; lastKnownFileType = audio.mp3; path = 01.mp3; sourceTree = "<group>"; };
		58AFF8C42A0FD38C002CC99D /* MusicPlayView.swift */ = {isa = PBXFileReference; lastKnownFileType = sourcecode.swift; path = MusicPlayView.swift; sourceTree = "<group>"; };
		58AFF8C82A0FDA4C002CC99D /* MusicVolumeSlider.swift */ = {isa = PBXFileReference; lastKnownFileType = sourcecode.swift; path = MusicVolumeSlider.swift; sourceTree = "<group>"; };
		58AFF8CA2A0FDA99002CC99D /* MusicCustomSlider.swift */ = {isa = PBXFileReference; lastKnownFileType = sourcecode.swift; path = MusicCustomSlider.swift; sourceTree = "<group>"; };
		58AFF8CC2A0FDAF1002CC99D /* MusicVerticalVolSlider.swift */ = {isa = PBXFileReference; lastKnownFileType = sourcecode.swift; path = MusicVerticalVolSlider.swift; sourceTree = "<group>"; };
		58AFF8CE2A0FDB20002CC99D /* MusicProgressSlider.swift */ = {isa = PBXFileReference; lastKnownFileType = sourcecode.swift; path = MusicProgressSlider.swift; sourceTree = "<group>"; };
		58D00C1D2A0A8E79001869CD /* TextProcessor.swift */ = {isa = PBXFileReference; lastKnownFileType = sourcecode.swift; path = TextProcessor.swift; sourceTree = "<group>"; };
		58D0BFB02A0DEC810021F52D /* MathSubjectLinkView.swift */ = {isa = PBXFileReference; lastKnownFileType = sourcecode.swift; path = MathSubjectLinkView.swift; sourceTree = "<group>"; };
		58D0BFB22A0DEEAA0021F52D /* MathSubjectLinkController.swift */ = {isa = PBXFileReference; lastKnownFileType = sourcecode.swift; path = MathSubjectLinkController.swift; sourceTree = "<group>"; };
		58D4B60629F8372A00274444 /* TextDataView.swift */ = {isa = PBXFileReference; lastKnownFileType = sourcecode.swift; path = TextDataView.swift; sourceTree = "<group>"; };
		58D4B60829F83CCB00274444 /* DATA.json */ = {isa = PBXFileReference; lastKnownFileType = text.json; path = DATA.json; sourceTree = "<group>"; };
		58D4B60B29F8404B00274444 /* MathSubjectModel.swift */ = {isa = PBXFileReference; lastKnownFileType = sourcecode.swift; path = MathSubjectModel.swift; sourceTree = "<group>"; };
		58D4B60D29F8404D00274444 /* MathSubjectView.swift */ = {isa = PBXFileReference; lastKnownFileType = sourcecode.swift; path = MathSubjectView.swift; sourceTree = "<group>"; };
/* End PBXFileReference section */

/* Begin PBXFrameworksBuildPhase section */
		5803DAEC29F164680033EEC2 /* Frameworks */ = {
			isa = PBXFrameworksBuildPhase;
			buildActionMask = 2147483647;
			files = (
			);
			runOnlyForDeploymentPostprocessing = 0;
		};
		5877EB0729F8320F00EC71EE /* Frameworks */ = {
			isa = PBXFrameworksBuildPhase;
			buildActionMask = 2147483647;
			files = (
			);
			runOnlyForDeploymentPostprocessing = 0;
		};
/* End PBXFrameworksBuildPhase section */

/* Begin PBXGroup section */
		5803DAE629F164680033EEC2 = {
			isa = PBXGroup;
			children = (
				5803DAF129F164680033EEC2 /* MACOAMA */,
				5877EB0B29F8321000EC71EE /* MACOAMA_Native */,
				5803DAF029F164680033EEC2 /* Products */,
				5810388829FEB866007A799D /* Frameworks */,
			);
			sourceTree = "<group>";
		};
		5803DAF029F164680033EEC2 /* Products */ = {
			isa = PBXGroup;
			children = (
				5803DAEF29F164680033EEC2 /* COARAMAUSE_mobile.app */,
				5877EB0A29F8320F00EC71EE /* COARAMAUSE.app */,
			);
			name = Products;
			sourceTree = "<group>";
		};
		5803DAF129F164680033EEC2 /* MACOAMA */ = {
			isa = PBXGroup;
			children = (
				581FAB8E29F6B8DF00A303A6 /* AsciiMath-Regular.ttf */,
				58A9C3D029F5857900238A35 /* GenEiKoburiMin6-R.ttf */,
				5803DAF229F164680033EEC2 /* MACOAMAApp.swift */,
				5803DAF429F164680033EEC2 /* ContentView.swift */,
				58A9C3BE29F2CBA700238A35 /* TextDocument.swift */,
				58A9C3B829F2CB0000238A35 /* ApplicationData.swift */,
				58A9C3BA29F2CB5600238A35 /* AddFileView.swift */,
				58A9C3BC29F2CB6D00238A35 /* EditFileView.swift */,
				5803DAF629F1646A0033EEC2 /* Assets.xcassets */,
				5803DAF829F1646A0033EEC2 /* Preview Content */,
				58A9C3C429F3DA6800238A35 /* MathSubjectModel.swift */,
				58A9C3CC29F4192A00238A35 /* MathSubjectView.swift */,
				581FAB9129F6D20200A303A6 /* DATA.json */,
			);
			path = MACOAMA;
			sourceTree = "<group>";
		};
		5803DAF829F1646A0033EEC2 /* Preview Content */ = {
			isa = PBXGroup;
			children = (
				5803DAF929F1646A0033EEC2 /* Preview Assets.xcassets */,
			);
			path = "Preview Content";
			sourceTree = "<group>";
		};
		5810388829FEB866007A799D /* Frameworks */ = {
			isa = PBXGroup;
			children = (
			);
			name = Frameworks;
			sourceTree = "<group>";
		};
		582ECCD72A0C8D5B00E0596B /* Synthesis */ = {
			isa = PBXGroup;
			children = (
				585B18F02A0CF72300BD404A /* SynthModel.swift */,
				582ECCD92A0C8DA800E0596B /* SynthController.swift */,
				585B18EE2A0CF69800BD404A /* SynthVM.swift */,
				582ECCDB2A0C8DBB00E0596B /* Synth.swift */,
				582ECCDD2A0C8DCC00E0596B /* Oscillator.swift */,
			);
			path = Synthesis;
			sourceTree = "<group>";
		};
		585B18F22A0D1AE300BD404A /* Bluetooth */ = {
			isa = PBXGroup;
			children = (
				582ECCD52A0C7E4600E0596B /* BluetoothMathRouteVM.swift */,
				580AB7972A0BE59F00C5A63E /* BluetoothConnectionVM.swift */,
				580AB7992A0BE5C200C5A63E /* BluetoothController.swift */,
			);
			path = Bluetooth;
			sourceTree = "<group>";
		};
		585B18F32A0D1AFD00BD404A /* MathSubject */ = {
			isa = PBXGroup;
			children = (
				58AFF8812A0F70CA002CC99D /* Contollers */,
				58AFF8832A0F70EF002CC99D /* Views */,
				58D4B60B29F8404B00274444 /* MathSubjectModel.swift */,
			);
			path = MathSubject;
			sourceTree = "<group>";
		};
		5877EB0B29F8321000EC71EE /* MACOAMA_Native */ = {
			isa = PBXGroup;
			children = (
				58AFF8C32A0FD359002CC99D /* Music */,
				58AFF8C02A0FD329002CC99D /* MusicFiles */,
				58AFF8882A0F9397002CC99D /* TextEditor */,
				585B18F32A0D1AFD00BD404A /* MathSubject */,
				585B18F22A0D1AE300BD404A /* Bluetooth */,
				582ECCD72A0C8D5B00E0596B /* Synthesis */,
				580AB79D2A0BEF6500C5A63E /* MACOAMA_NativeRelease.entitlements */,
				5877EB0C29F8321000EC71EE /* MACOAMA_NativeApp.swift */,
				58AFF87F2A0E8F4D002CC99D /* MainIntroVM.swift */,
				5809AB7A2A02A6590083882F /* Extensions.swift */,
				5877EB0E29F8321000EC71EE /* ContentView.swift */,
				5877EB1029F8321000EC71EE /* Assets.xcassets */,
				5877EB1529F8321000EC71EE /* Persistence.swift */,
				5877EB1A29F8321000EC71EE /* MACOAMA_Native.entitlements */,
				5877EB1729F8321000EC71EE /* MACOAMA_Native.xcdatamodeld */,
				5877EB1229F8321000EC71EE /* Preview Content */,
				58D4B60829F83CCB00274444 /* DATA.json */,
				585F206229FAC0220002A48E /* BitmapImage.swift */,
				585F206429FACA8D0002A48E /* Raster.swift */,
			);
			path = MACOAMA_Native;
			sourceTree = "<group>";
		};
		5877EB1229F8321000EC71EE /* Preview Content */ = {
			isa = PBXGroup;
			children = (
				5877EB1329F8321000EC71EE /* Preview Assets.xcassets */,
			);
			path = "Preview Content";
			sourceTree = "<group>";
		};
		58AFF8812A0F70CA002CC99D /* Contollers */ = {
			isa = PBXGroup;
			children = (
				5809AB8A2A0383080083882F /* MathSubjectController.swift */,
				5809AB8C2A073E7D0083882F /* MathSubjectElementController.swift */,
				58D0BFB22A0DEEAA0021F52D /* MathSubjectLinkController.swift */,
				58AFF8862A0F91D5002CC99D /* MathSubjectWindowController.swift */,
			);
			path = Contollers;
			sourceTree = "<group>";
		};
		58AFF8832A0F70EF002CC99D /* Views */ = {
			isa = PBXGroup;
			children = (
				5809AB822A037F230083882F /* MathSubjectRootView.swift */,
				58D4B60D29F8404D00274444 /* MathSubjectView.swift */,
				5809AB7E2A0371D30083882F /* MathSubjectCreatePageView.swift */,
				5809AB7C2A033D9F0083882F /* MathSubjectCommandView.swift */,
				5809AB782A029CF10083882F /* MathSubjectEditView.swift */,
				581258132A07EDA30070333C /* MathSubjectEditCreateView.swift */,
				581258112A07ECAF0070333C /* MathSubjectEditDeleteView.swift */,
				5808BA0D2A0E7DE900895CDF /* MathSubjectEditExportView.swift */,
				5810387F29FC0AE7007A799D /* MathSubjectElementView.swift */,
				58D0BFB02A0DEC810021F52D /* MathSubjectLinkView.swift */,
				58AFF8842A0F719F002CC99D /* MathSubjectLinkArrowView.swift */,
			);
			path = Views;
			sourceTree = "<group>";
		};
		58AFF8882A0F9397002CC99D /* TextEditor */ = {
			isa = PBXGroup;
			children = (
				58D4B60629F8372A00274444 /* TextDataView.swift */,
				58D00C1D2A0A8E79001869CD /* TextProcessor.swift */,
			);
			path = TextEditor;
			sourceTree = "<group>";
		};
		58AFF8C02A0FD329002CC99D /* MusicFiles */ = {
			isa = PBXGroup;
			children = (
				58AFF8C12A0FD349002CC99D /* 01.mp3 */,
			);
			path = MusicFiles;
			sourceTree = "<group>";
		};
		58AFF8C32A0FD359002CC99D /* Music */ = {
			isa = PBXGroup;
			children = (
				58AFF8C42A0FD38C002CC99D /* MusicPlayView.swift */,
				58AFF8C82A0FDA4C002CC99D /* MusicVolumeSlider.swift */,
				58AFF8CA2A0FDA99002CC99D /* MusicCustomSlider.swift */,
				58AFF8CC2A0FDAF1002CC99D /* MusicVerticalVolSlider.swift */,
				58AFF8CE2A0FDB20002CC99D /* MusicProgressSlider.swift */,
			);
			path = Music;
			sourceTree = "<group>";
		};
/* End PBXGroup section */

/* Begin PBXNativeTarget section */
		5803DAEE29F164680033EEC2 /* COARAMAUSE_mobile */ = {
			isa = PBXNativeTarget;
			buildConfigurationList = 5803DAFD29F1646A0033EEC2 /* Build configuration list for PBXNativeTarget "COARAMAUSE_mobile" */;
			buildPhases = (
				5803DAEB29F164680033EEC2 /* Sources */,
				5803DAEC29F164680033EEC2 /* Frameworks */,
				5803DAED29F164680033EEC2 /* Resources */,
			);
			buildRules = (
			);
			dependencies = (
			);
			name = COARAMAUSE_mobile;
			packageProductDependencies = (
			);
			productName = MACOAMA;
			productReference = 5803DAEF29F164680033EEC2 /* COARAMAUSE_mobile.app */;
			productType = "com.apple.product-type.application";
		};
		5877EB0929F8320F00EC71EE /* COARAMAUSE */ = {
			isa = PBXNativeTarget;
			buildConfigurationList = 5877EB1B29F8321000EC71EE /* Build configuration list for PBXNativeTarget "COARAMAUSE" */;
			buildPhases = (
				5877EB0629F8320F00EC71EE /* Sources */,
				5877EB0729F8320F00EC71EE /* Frameworks */,
				5877EB0829F8320F00EC71EE /* Resources */,
			);
			buildRules = (
			);
			dependencies = (
			);
			name = COARAMAUSE;
			packageProductDependencies = (
			);
			productName = MACOAMA_Native;
			productReference = 5877EB0A29F8320F00EC71EE /* COARAMAUSE.app */;
			productType = "com.apple.product-type.application";
		};
/* End PBXNativeTarget section */

/* Begin PBXProject section */
		5803DAE729F164680033EEC2 /* Project object */ = {
			isa = PBXProject;
			attributes = {
				BuildIndependentTargetsInParallel = 1;
				LastSwiftUpdateCheck = 1420;
				LastUpgradeCheck = 1420;
				TargetAttributes = {
					5803DAEE29F164680033EEC2 = {
						CreatedOnToolsVersion = 14.2;
					};
					5877EB0929F8320F00EC71EE = {
						CreatedOnToolsVersion = 14.2;
					};
				};
			};
			buildConfigurationList = 5803DAEA29F164680033EEC2 /* Build configuration list for PBXProject "MACOAMA" */;
			compatibilityVersion = "Xcode 14.0";
			developmentRegion = en;
			hasScannedForEncodings = 0;
			knownRegions = (
				en,
				Base,
			);
			mainGroup = 5803DAE629F164680033EEC2;
			packageReferences = (
			);
			productRefGroup = 5803DAF029F164680033EEC2 /* Products */;
			projectDirPath = "";
			projectRoot = "";
			targets = (
				5803DAEE29F164680033EEC2 /* COARAMAUSE_mobile */,
				5877EB0929F8320F00EC71EE /* COARAMAUSE */,
			);
		};
/* End PBXProject section */

/* Begin PBXResourcesBuildPhase section */
		5803DAED29F164680033EEC2 /* Resources */ = {
			isa = PBXResourcesBuildPhase;
			buildActionMask = 2147483647;
			files = (
				58A9C3D129F5857900238A35 /* GenEiKoburiMin6-R.ttf in Resources */,
				581FAB9229F6D63900A303A6 /* DATA.json in Resources */,
				5803DAFA29F1646A0033EEC2 /* Preview Assets.xcassets in Resources */,
				5803DAF729F1646A0033EEC2 /* Assets.xcassets in Resources */,
				581FAB8F29F6B98000A303A6 /* AsciiMath-Regular.ttf in Resources */,
			);
			runOnlyForDeploymentPostprocessing = 0;
		};
		5877EB0829F8320F00EC71EE /* Resources */ = {
			isa = PBXResourcesBuildPhase;
			buildActionMask = 2147483647;
			files = (
				58AFF8C22A0FD349002CC99D /* 01.mp3 in Resources */,
				5877EB1429F8321000EC71EE /* Preview Assets.xcassets in Resources */,
				5877EB1129F8321000EC71EE /* Assets.xcassets in Resources */,
			);
			runOnlyForDeploymentPostprocessing = 0;
		};
/* End PBXResourcesBuildPhase section */

/* Begin PBXSourcesBuildPhase section */
		5803DAEB29F164680033EEC2 /* Sources */ = {
			isa = PBXSourcesBuildPhase;
			buildActionMask = 2147483647;
			files = (
				58A9C3BD29F2CB6D00238A35 /* EditFileView.swift in Sources */,
				58A9C3BF29F2CBA700238A35 /* TextDocument.swift in Sources */,
				58A9C3BB29F2CB5600238A35 /* AddFileView.swift in Sources */,
				58A9C3C529F3DA6800238A35 /* MathSubjectModel.swift in Sources */,
				58A9C3CD29F4192A00238A35 /* MathSubjectView.swift in Sources */,
				58A9C3B929F2CB0000238A35 /* ApplicationData.swift in Sources */,
				5803DAF529F164680033EEC2 /* ContentView.swift in Sources */,
				5803DAF329F164680033EEC2 /* MACOAMAApp.swift in Sources */,
			);
			runOnlyForDeploymentPostprocessing = 0;
		};
		5877EB0629F8320F00EC71EE /* Sources */ = {
			isa = PBXSourcesBuildPhase;
			buildActionMask = 2147483647;
			files = (
				58AFF8802A0E8F4D002CC99D /* MainIntroVM.swift in Sources */,
				582ECCDE2A0C8DCC00E0596B /* Oscillator.swift in Sources */,
				58D0BFB32A0DEEAA0021F52D /* MathSubjectLinkController.swift in Sources */,
				58D4B60C29F8404B00274444 /* MathSubjectModel.swift in Sources */,
				58AFF8CF2A0FDB20002CC99D /* MusicProgressSlider.swift in Sources */,
				58AFF8CD2A0FDAF1002CC99D /* MusicVerticalVolSlider.swift in Sources */,
				5810388029FC0AE7007A799D /* MathSubjectElementView.swift in Sources */,
				58D4B60E29F8404D00274444 /* MathSubjectView.swift in Sources */,
				585B18EF2A0CF69800BD404A /* SynthVM.swift in Sources */,
				5809AB832A037F230083882F /* MathSubjectRootView.swift in Sources */,
				58D0BFB12A0DEC810021F52D /* MathSubjectLinkView.swift in Sources */,
				5809AB8B2A0383080083882F /* MathSubjectController.swift in Sources */,
				5809AB872A0382740083882F /* MathSubjectCommandView.swift in Sources */,
				5877EB1929F8321000EC71EE /* MACOAMA_Native.xcdatamodeld in Sources */,
				58AFF8CB2A0FDA99002CC99D /* MusicCustomSlider.swift in Sources */,
				5809AB882A0382740083882F /* MathSubjectCreatePageView.swift in Sources */,
				5877EB1629F8321000EC71EE /* Persistence.swift in Sources */,
				580AB7982A0BE59F00C5A63E /* BluetoothConnectionVM.swift in Sources */,
				585F206329FAC0220002A48E /* BitmapImage.swift in Sources */,
				581258122A07ECAF0070333C /* MathSubjectEditDeleteView.swift in Sources */,
				5809AB792A029CF10083882F /* MathSubjectEditView.swift in Sources */,
				585B18F12A0CF72300BD404A /* SynthModel.swift in Sources */,
				58AFF8852A0F719F002CC99D /* MathSubjectLinkArrowView.swift in Sources */,
				58D4B60729F8372A00274444 /* TextDataView.swift in Sources */,
				580AB79A2A0BE5C200C5A63E /* BluetoothController.swift in Sources */,
				58AFF8872A0F91D5002CC99D /* MathSubjectWindowController.swift in Sources */,
				5809AB8D2A073E7D0083882F /* MathSubjectElementController.swift in Sources */,
				5877EB0F29F8321000EC71EE /* ContentView.swift in Sources */,
				58AFF8C92A0FDA4C002CC99D /* MusicVolumeSlider.swift in Sources */,
				5808BA0E2A0E7DE900895CDF /* MathSubjectEditExportView.swift in Sources */,
				581258142A07EDA30070333C /* MathSubjectEditCreateView.swift in Sources */,
				5877EB0D29F8321000EC71EE /* MACOAMA_NativeApp.swift in Sources */,
				58AFF8C52A0FD38C002CC99D /* MusicPlayView.swift in Sources */,
				582ECCDA2A0C8DA800E0596B /* SynthController.swift in Sources */,
				585F206529FACA8D0002A48E /* Raster.swift in Sources */,
				582ECCDC2A0C8DBB00E0596B /* Synth.swift in Sources */,
				58D00C1E2A0A8E79001869CD /* TextProcessor.swift in Sources */,
				5809AB7B2A02A6590083882F /* Extensions.swift in Sources */,
				582ECCD62A0C7E4600E0596B /* BluetoothMathRouteVM.swift in Sources */,
			);
			runOnlyForDeploymentPostprocessing = 0;
		};
/* End PBXSourcesBuildPhase section */

/* Begin XCBuildConfiguration section */
		5803DAFB29F1646A0033EEC2 /* Debug */ = {
			isa = XCBuildConfiguration;
			buildSettings = {
				ALWAYS_SEARCH_USER_PATHS = NO;
				CLANG_ANALYZER_NONNULL = YES;
				CLANG_ANALYZER_NUMBER_OBJECT_CONVERSION = YES_AGGRESSIVE;
				CLANG_CXX_LANGUAGE_STANDARD = "gnu++20";
				CLANG_ENABLE_MODULES = YES;
				CLANG_ENABLE_OBJC_ARC = YES;
				CLANG_ENABLE_OBJC_WEAK = YES;
				CLANG_WARN_BLOCK_CAPTURE_AUTORELEASING = YES;
				CLANG_WARN_BOOL_CONVERSION = YES;
				CLANG_WARN_COMMA = YES;
				CLANG_WARN_CONSTANT_CONVERSION = YES;
				CLANG_WARN_DEPRECATED_OBJC_IMPLEMENTATIONS = YES;
				CLANG_WARN_DIRECT_OBJC_ISA_USAGE = YES_ERROR;
				CLANG_WARN_DOCUMENTATION_COMMENTS = YES;
				CLANG_WARN_EMPTY_BODY = YES;
				CLANG_WARN_ENUM_CONVERSION = YES;
				CLANG_WARN_INFINITE_RECURSION = YES;
				CLANG_WARN_INT_CONVERSION = YES;
				CLANG_WARN_NON_LITERAL_NULL_CONVERSION = YES;
				CLANG_WARN_OBJC_IMPLICIT_RETAIN_SELF = YES;
				CLANG_WARN_OBJC_LITERAL_CONVERSION = YES;
				CLANG_WARN_OBJC_ROOT_CLASS = YES_ERROR;
				CLANG_WARN_QUOTED_INCLUDE_IN_FRAMEWORK_HEADER = YES;
				CLANG_WARN_RANGE_LOOP_ANALYSIS = YES;
				CLANG_WARN_STRICT_PROTOTYPES = YES;
				CLANG_WARN_SUSPICIOUS_MOVE = YES;
				CLANG_WARN_UNGUARDED_AVAILABILITY = YES_AGGRESSIVE;
				CLANG_WARN_UNREACHABLE_CODE = YES;
				CLANG_WARN__DUPLICATE_METHOD_MATCH = YES;
				COPY_PHASE_STRIP = NO;
				DEBUG_INFORMATION_FORMAT = dwarf;
				ENABLE_STRICT_OBJC_MSGSEND = YES;
				ENABLE_TESTABILITY = YES;
				GCC_C_LANGUAGE_STANDARD = gnu11;
				GCC_DYNAMIC_NO_PIC = NO;
				GCC_NO_COMMON_BLOCKS = YES;
				GCC_OPTIMIZATION_LEVEL = 0;
				GCC_PREPROCESSOR_DEFINITIONS = (
					"DEBUG=1",
					"$(inherited)",
				);
				GCC_WARN_64_TO_32_BIT_CONVERSION = YES;
				GCC_WARN_ABOUT_RETURN_TYPE = YES_ERROR;
				GCC_WARN_UNDECLARED_SELECTOR = YES;
				GCC_WARN_UNINITIALIZED_AUTOS = YES_AGGRESSIVE;
				GCC_WARN_UNUSED_FUNCTION = YES;
				GCC_WARN_UNUSED_VARIABLE = YES;
				IPHONEOS_DEPLOYMENT_TARGET = 16.2;
				MTL_ENABLE_DEBUG_INFO = INCLUDE_SOURCE;
				MTL_FAST_MATH = YES;
				ONLY_ACTIVE_ARCH = YES;
				SDKROOT = iphoneos;
				SWIFT_ACTIVE_COMPILATION_CONDITIONS = DEBUG;
				SWIFT_OPTIMIZATION_LEVEL = "-Onone";
			};
			name = Debug;
		};
		5803DAFC29F1646A0033EEC2 /* Release */ = {
			isa = XCBuildConfiguration;
			buildSettings = {
				ALWAYS_SEARCH_USER_PATHS = NO;
				CLANG_ANALYZER_NONNULL = YES;
				CLANG_ANALYZER_NUMBER_OBJECT_CONVERSION = YES_AGGRESSIVE;
				CLANG_CXX_LANGUAGE_STANDARD = "gnu++20";
				CLANG_ENABLE_MODULES = YES;
				CLANG_ENABLE_OBJC_ARC = YES;
				CLANG_ENABLE_OBJC_WEAK = YES;
				CLANG_WARN_BLOCK_CAPTURE_AUTORELEASING = YES;
				CLANG_WARN_BOOL_CONVERSION = YES;
				CLANG_WARN_COMMA = YES;
				CLANG_WARN_CONSTANT_CONVERSION = YES;
				CLANG_WARN_DEPRECATED_OBJC_IMPLEMENTATIONS = YES;
				CLANG_WARN_DIRECT_OBJC_ISA_USAGE = YES_ERROR;
				CLANG_WARN_DOCUMENTATION_COMMENTS = YES;
				CLANG_WARN_EMPTY_BODY = YES;
				CLANG_WARN_ENUM_CONVERSION = YES;
				CLANG_WARN_INFINITE_RECURSION = YES;
				CLANG_WARN_INT_CONVERSION = YES;
				CLANG_WARN_NON_LITERAL_NULL_CONVERSION = YES;
				CLANG_WARN_OBJC_IMPLICIT_RETAIN_SELF = YES;
				CLANG_WARN_OBJC_LITERAL_CONVERSION = YES;
				CLANG_WARN_OBJC_ROOT_CLASS = YES_ERROR;
				CLANG_WARN_QUOTED_INCLUDE_IN_FRAMEWORK_HEADER = YES;
				CLANG_WARN_RANGE_LOOP_ANALYSIS = YES;
				CLANG_WARN_STRICT_PROTOTYPES = YES;
				CLANG_WARN_SUSPICIOUS_MOVE = YES;
				CLANG_WARN_UNGUARDED_AVAILABILITY = YES_AGGRESSIVE;
				CLANG_WARN_UNREACHABLE_CODE = YES;
				CLANG_WARN__DUPLICATE_METHOD_MATCH = YES;
				COPY_PHASE_STRIP = NO;
				DEBUG_INFORMATION_FORMAT = "dwarf-with-dsym";
				ENABLE_NS_ASSERTIONS = NO;
				ENABLE_STRICT_OBJC_MSGSEND = YES;
				GCC_C_LANGUAGE_STANDARD = gnu11;
				GCC_NO_COMMON_BLOCKS = YES;
				GCC_WARN_64_TO_32_BIT_CONVERSION = YES;
				GCC_WARN_ABOUT_RETURN_TYPE = YES_ERROR;
				GCC_WARN_UNDECLARED_SELECTOR = YES;
				GCC_WARN_UNINITIALIZED_AUTOS = YES_AGGRESSIVE;
				GCC_WARN_UNUSED_FUNCTION = YES;
				GCC_WARN_UNUSED_VARIABLE = YES;
				IPHONEOS_DEPLOYMENT_TARGET = 16.2;
				MTL_ENABLE_DEBUG_INFO = NO;
				MTL_FAST_MATH = YES;
				SDKROOT = iphoneos;
				SWIFT_COMPILATION_MODE = wholemodule;
				SWIFT_OPTIMIZATION_LEVEL = "-O";
				VALIDATE_PRODUCT = YES;
			};
			name = Release;
		};
		5803DAFE29F1646A0033EEC2 /* Debug */ = {
			isa = XCBuildConfiguration;
			buildSettings = {
				ASSETCATALOG_COMPILER_APPICON_NAME = AppIcon;
				ASSETCATALOG_COMPILER_GLOBAL_ACCENT_COLOR_NAME = AccentColor;
				CODE_SIGN_ENTITLEMENTS = MACOAMA/MACOAMA.entitlements;
				CODE_SIGN_IDENTITY = "Apple Development";
				CODE_SIGN_STYLE = Automatic;
				CURRENT_PROJECT_VERSION = 1;
				DEVELOPMENT_ASSET_PATHS = "\"MACOAMA/Preview Content\"";
				DEVELOPMENT_TEAM = TU6ZYUS3Y7;
				ENABLE_PREVIEWS = YES;
				GENERATE_INFOPLIST_FILE = YES;
				INFOPLIST_FILE = MACOAMA/Info.plist;
				INFOPLIST_KEY_NSPhotoLibraryUsageDescription = "We need to save this image";
				INFOPLIST_KEY_UIApplicationSceneManifest_Generation = YES;
				INFOPLIST_KEY_UIApplicationSupportsIndirectInputEvents = YES;
				INFOPLIST_KEY_UILaunchScreen_Generation = YES;
				INFOPLIST_KEY_UISupportedInterfaceOrientations_iPad = "UIInterfaceOrientationPortrait UIInterfaceOrientationPortraitUpsideDown UIInterfaceOrientationLandscapeLeft UIInterfaceOrientationLandscapeRight";
				INFOPLIST_KEY_UISupportedInterfaceOrientations_iPhone = "UIInterfaceOrientationPortrait UIInterfaceOrientationLandscapeLeft UIInterfaceOrientationLandscapeRight";
				LD_RUNPATH_SEARCH_PATHS = (
					"$(inherited)",
					"@executable_path/Frameworks",
				);
				MARKETING_VERSION = 1.0;
				PRODUCT_BUNDLE_IDENTIFIER = com.gounbeee.MACOAMA;
				PRODUCT_NAME = "$(TARGET_NAME)";
				PROVISIONING_PROFILE_SPECIFIER = "";
				SWIFT_EMIT_LOC_STRINGS = YES;
				SWIFT_VERSION = 5.0;
				TARGETED_DEVICE_FAMILY = "1,2";
			};
			name = Debug;
		};
		5803DAFF29F1646A0033EEC2 /* Release */ = {
			isa = XCBuildConfiguration;
			buildSettings = {
				ASSETCATALOG_COMPILER_APPICON_NAME = AppIcon;
				ASSETCATALOG_COMPILER_GLOBAL_ACCENT_COLOR_NAME = AccentColor;
				CODE_SIGN_ENTITLEMENTS = MACOAMA/MACOAMA.entitlements;
				CODE_SIGN_IDENTITY = "Apple Development";
				CODE_SIGN_STYLE = Automatic;
				CURRENT_PROJECT_VERSION = 1;
				DEVELOPMENT_ASSET_PATHS = "\"MACOAMA/Preview Content\"";
				DEVELOPMENT_TEAM = TU6ZYUS3Y7;
				ENABLE_PREVIEWS = YES;
				GENERATE_INFOPLIST_FILE = YES;
				INFOPLIST_FILE = MACOAMA/Info.plist;
				INFOPLIST_KEY_NSPhotoLibraryUsageDescription = "We need to save this image";
				INFOPLIST_KEY_UIApplicationSceneManifest_Generation = YES;
				INFOPLIST_KEY_UIApplicationSupportsIndirectInputEvents = YES;
				INFOPLIST_KEY_UILaunchScreen_Generation = YES;
				INFOPLIST_KEY_UISupportedInterfaceOrientations_iPad = "UIInterfaceOrientationPortrait UIInterfaceOrientationPortraitUpsideDown UIInterfaceOrientationLandscapeLeft UIInterfaceOrientationLandscapeRight";
				INFOPLIST_KEY_UISupportedInterfaceOrientations_iPhone = "UIInterfaceOrientationPortrait UIInterfaceOrientationLandscapeLeft UIInterfaceOrientationLandscapeRight";
				LD_RUNPATH_SEARCH_PATHS = (
					"$(inherited)",
					"@executable_path/Frameworks",
				);
				MARKETING_VERSION = 1.0;
				PRODUCT_BUNDLE_IDENTIFIER = com.gounbeee.MACOAMA;
				PRODUCT_NAME = "$(TARGET_NAME)";
				PROVISIONING_PROFILE_SPECIFIER = "";
				SWIFT_EMIT_LOC_STRINGS = YES;
				SWIFT_VERSION = 5.0;
				TARGETED_DEVICE_FAMILY = "1,2";
			};
			name = Release;
		};
		5877EB1C29F8321000EC71EE /* Debug */ = {
			isa = XCBuildConfiguration;
			buildSettings = {
				ASSETCATALOG_COMPILER_APPICON_NAME = AppIcon;
				ASSETCATALOG_COMPILER_GLOBAL_ACCENT_COLOR_NAME = AccentColor;
				CODE_SIGN_ENTITLEMENTS = MACOAMA_Native/MACOAMA_Native.entitlements;
				CODE_SIGN_STYLE = Automatic;
				COMBINE_HIDPI_IMAGES = YES;
				CURRENT_PROJECT_VERSION = 1;
				DEVELOPMENT_ASSET_PATHS = "\"MACOAMA_Native/Preview Content\"";
				DEVELOPMENT_TEAM = TU6ZYUS3Y7;
				ENABLE_HARDENED_RUNTIME = YES;
				ENABLE_PREVIEWS = YES;
				GENERATE_INFOPLIST_FILE = YES;
				INFOPLIST_KEY_LSApplicationCategoryType = "public.app-category.developer-tools";
				INFOPLIST_KEY_NSBluetoothAlwaysUsageDescription = "We need to use bluetooth connection";
				INFOPLIST_KEY_NSBluetoothPeripheralUsageDescription = "We need to use bluetooth connection";
				INFOPLIST_KEY_NSHumanReadableCopyright = "";
				LD_RUNPATH_SEARCH_PATHS = (
					"$(inherited)",
					"@executable_path/../Frameworks",
				);
				MACOSX_DEPLOYMENT_TARGET = 13.1;
				MARKETING_VERSION = 1.0;
				PRODUCT_BUNDLE_IDENTIFIER = "gounbeee.MACOAMA-Native";
				PRODUCT_NAME = "$(TARGET_NAME)";
				SDKROOT = macosx;
				SWIFT_EMIT_LOC_STRINGS = YES;
				SWIFT_VERSION = 5.0;
			};
			name = Debug;
		};
		5877EB1D29F8321000EC71EE /* Release */ = {
			isa = XCBuildConfiguration;
			buildSettings = {
				ASSETCATALOG_COMPILER_APPICON_NAME = AppIcon;
				ASSETCATALOG_COMPILER_GLOBAL_ACCENT_COLOR_NAME = AccentColor;
				CODE_SIGN_ENTITLEMENTS = MACOAMA_Native/MACOAMA_NativeRelease.entitlements;
				CODE_SIGN_STYLE = Automatic;
				COMBINE_HIDPI_IMAGES = YES;
				CURRENT_PROJECT_VERSION = 1;
				DEVELOPMENT_ASSET_PATHS = "\"MACOAMA_Native/Preview Content\"";
				DEVELOPMENT_TEAM = TU6ZYUS3Y7;
				ENABLE_HARDENED_RUNTIME = YES;
				ENABLE_PREVIEWS = YES;
				GENERATE_INFOPLIST_FILE = YES;
				INFOPLIST_KEY_LSApplicationCategoryType = "public.app-category.developer-tools";
				INFOPLIST_KEY_NSBluetoothAlwaysUsageDescription = "We need to use bluetooth connection";
				INFOPLIST_KEY_NSBluetoothPeripheralUsageDescription = "We need to use bluetooth connection";
				INFOPLIST_KEY_NSHumanReadableCopyright = "";
				LD_RUNPATH_SEARCH_PATHS = (
					"$(inherited)",
					"@executable_path/../Frameworks",
				);
				MACOSX_DEPLOYMENT_TARGET = 13.1;
				MARKETING_VERSION = 1.0;
				PRODUCT_BUNDLE_IDENTIFIER = "gounbeee.MACOAMA-Native";
				PRODUCT_NAME = "$(TARGET_NAME)";
				SDKROOT = macosx;
				SWIFT_EMIT_LOC_STRINGS = YES;
				SWIFT_VERSION = 5.0;
			};
			name = Release;
		};
/* End XCBuildConfiguration section */

/* Begin XCConfigurationList section */
		5803DAEA29F164680033EEC2 /* Build configuration list for PBXProject "MACOAMA" */ = {
			isa = XCConfigurationList;
			buildConfigurations = (
				5803DAFB29F1646A0033EEC2 /* Debug */,
				5803DAFC29F1646A0033EEC2 /* Release */,
			);
			defaultConfigurationIsVisible = 0;
			defaultConfigurationName = Release;
		};
		5803DAFD29F1646A0033EEC2 /* Build configuration list for PBXNativeTarget "COARAMAUSE_mobile" */ = {
			isa = XCConfigurationList;
			buildConfigurations = (
				5803DAFE29F1646A0033EEC2 /* Debug */,
				5803DAFF29F1646A0033EEC2 /* Release */,
			);
			defaultConfigurationIsVisible = 0;
			defaultConfigurationName = Release;
		};
		5877EB1B29F8321000EC71EE /* Build configuration list for PBXNativeTarget "COARAMAUSE" */ = {
			isa = XCConfigurationList;
			buildConfigurations = (
				5877EB1C29F8321000EC71EE /* Debug */,
				5877EB1D29F8321000EC71EE /* Release */,
			);
			defaultConfigurationIsVisible = 0;
			defaultConfigurationName = Release;
		};
/* End XCConfigurationList section */

/* Begin XCVersionGroup section */
		5877EB1729F8321000EC71EE /* MACOAMA_Native.xcdatamodeld */ = {
			isa = XCVersionGroup;
			children = (
				5877EB1829F8321000EC71EE /* MACOAMA_Native.xcdatamodel */,
			);
			currentVersion = 5877EB1829F8321000EC71EE /* MACOAMA_Native.xcdatamodel */;
			path = MACOAMA_Native.xcdatamodeld;
			sourceTree = "<group>";
			versionGroupType = wrapper.xcdatamodel;
		};
/* End XCVersionGroup section */
	};
	rootObject = 5803DAE729F164680033EEC2 /* Project object */;
}
